
Microsoft Visual Studio Solution File, Format Version 12.00
# Visual Studio 2013
VisualStudioVersion = 12.0.31101.0
MinimumVisualStudioVersion = 10.0.40219.1
Project("{FAE04EC0-301F-11D3-BF4B-00C04F79EFBC}") = "SuperAdventure", "SuperAdventure\SuperAdventure.csproj", "{B6101742-15C7-4F7D-9039-16D3C86313E3}"
EndProject
Project("{FAE04EC0-301F-11D3-BF4B-00C04F79EFBC}") = "Engine", "Engine\Engine.csproj", "{F84C16E6-4548-4A29-92BC-439F2D4313A6}"
EndProject
Global
	GlobalSection(SolutionConfigurationPlatforms) = preSolution
		Debug|Any CPU = Debug|Any CPU
		Release|Any CPU = Release|Any CPU
	EndGlobalSection
	GlobalSection(ProjectConfigurationPlatforms) = postSolution
		{B6101742-15C7-4F7D-9039-16D3C86313E3}.Debug|Any CPU.ActiveCfg = Debug|Any CPU
		{B6101742-15C7-4F7D-9039-16D3C86313E3}.Debug|Any CPU.Build.0 = Debug|Any CPU
		{B6101742-15C7-4F7D-9039-16D3C86313E3}.Release|Any CPU.ActiveCfg = Release|Any CPU
		{B6101742-15C7-4F7D-9039-16D3C86313E3}.Release|Any CPU.Build.0 = Release|Any CPU
		{F84C16E6-4548-4A29-92BC-439F2D4313A6}.Debug|Any CPU.ActiveCfg = Debug|Any CPU
		{F84C16E6-4548-4A29-92BC-439F2D4313A6}.Debug|Any CPU.Build.0 = Debug|Any CPU
		{F84C16E6-4548-4A29-92BC-439F2D4313A6}.Release|Any CPU.ActiveCfg = Release|Any CPU
		{F84C16E6-4548-4A29-92BC-439F2D4313A6}.Release|Any CPU.Build.0 = Release|Any CPU
	EndGlobalSection
	GlobalSection(SolutionProperties) = preSolution
		HideSolutionNode = FALSE
	EndGlobalSection
EndGlobal
